
Microsoft Visual Studio Solution File, Format Version 12.00
# Visual Studio Version 17
VisualStudioVersion = 17.5.002.0
MinimumVisualStudioVersion = 10.0.40219.1
Project("{9A19103F-16F7-4668-BE54-9A1E7A4F7556}") = "TGC.MonoGame.TP", "TGC.MonoGame.TP.csproj", "{FBF3FA30-7D55-4180-BFE0-C656CC5797E1}"
EndProject
Global
	GlobalSection(SolutionConfigurationPlatforms) = preSolution
		Debug|Any CPU = Debug|Any CPU
		Release|Any CPU = Release|Any CPU
	EndGlobalSection
	GlobalSection(ProjectConfigurationPlatforms) = postSolution
		{FBF3FA30-7D55-4180-BFE0-C656CC5797E1}.Debug|Any CPU.ActiveCfg = Debug|Any CPU
		{FBF3FA30-7D55-4180-BFE0-C656CC5797E1}.Debug|Any CPU.Build.0 = Debug|Any CPU
		{FBF3FA30-7D55-4180-BFE0-C656CC5797E1}.Release|Any CPU.ActiveCfg = Release|Any CPU
		{FBF3FA30-7D55-4180-BFE0-C656CC5797E1}.Release|Any CPU.Build.0 = Release|Any CPU
	EndGlobalSection
	GlobalSection(SolutionProperties) = preSolution
		HideSolutionNode = FALSE
	EndGlobalSection
	GlobalSection(ExtensibilityGlobals) = postSolution
		SolutionGuid = {01C213DF-7F9A-4272-AE4F-A93A9D460F42}
	EndGlobalSection
EndGlobal
